lockfileVersion: '9.0'

settings:
  autoInstallPeers: true
  excludeLinksFromLockfile: false

importers:

  .:
    devDependencies:
      '@biomejs/biome':
        specifier: 1.9.4
        version: 1.9.4
      husky:
        specifier: 9.1.7
        version: 9.1.7

  packages/angular:
    dependencies:
      '@ast-grep/setup-lang':
        specifier: 0.0.3
        version: 0.0.3
    devDependencies:
      '@ast-grep/nursery':
        specifier: 0.0.2
        version: 0.0.2
      tree-sitter-angular:
        specifier: 0.5.0
        version: 0.5.0(tree-sitter@0.21.1)
      tree-sitter-cli:
        specifier: 0.24.6
        version: 0.24.6

  packages/c:
    dependencies:
      '@ast-grep/setup-lang':
        specifier: 0.0.3
        version: 0.0.3
    devDependencies:
      '@ast-grep/nursery':
        specifier: 0.0.2
        version: 0.0.2
      tree-sitter-c:
        specifier: 0.23.5
        version: 0.23.5
      tree-sitter-cli:
        specifier: 0.24.6
        version: 0.24.6

  packages/cpp:
    dependencies:
      '@ast-grep/setup-lang':
        specifier: 0.0.3
        version: 0.0.3
    devDependencies:
      '@ast-grep/nursery':
        specifier: 0.0.2
        version: 0.0.2
      tree-sitter-cli:
        specifier: 0.24.6
        version: 0.24.6
      tree-sitter-cpp:
        specifier: 0.23.4
        version: 0.23.4

  packages/csharp:
    dependencies:
      '@ast-grep/setup-lang':
        specifier: 0.0.3
        version: 0.0.3
    devDependencies:
      '@ast-grep/nursery':
        specifier: 0.0.2
        version: 0.0.2
      tree-sitter-c-sharp:
        specifier: 0.23.1
        version: 0.23.1(tree-sitter@0.21.1)
      tree-sitter-cli:
        specifier: 0.24.6
        version: 0.24.6

  packages/go:
    dependencies:
      '@ast-grep/setup-lang':
        specifier: 0.0.3
        version: 0.0.3
    devDependencies:
      '@ast-grep/nursery':
        specifier: 0.0.2
        version: 0.0.2
      tree-sitter-cli:
        specifier: 0.24.6
        version: 0.24.6
      tree-sitter-go:
        specifier: 0.23.4
        version: 0.23.4(tree-sitter@0.21.1)

  packages/python:
    dependencies:
      '@ast-grep/setup-lang':
        specifier: 0.0.3
        version: 0.0.3
    devDependencies:
      '@ast-grep/nursery':
        specifier: 0.0.2
        version: 0.0.2
      tree-sitter-cli:
        specifier: 0.24.6
        version: 0.24.6
      tree-sitter-python:
        specifier: 0.23.6
        version: 0.23.6

  packages/sql:
    dependencies:
      '@ast-grep/setup-lang':
        specifier: 0.0.3
        version: 0.0.3
    devDependencies:
      '@ast-grep/nursery':
        specifier: 0.0.2
        version: 0.0.2
      '@derekstride/tree-sitter-sql':
        specifier: 0.3.7
        version: 0.3.7(tree-sitter@0.21.1)
      tree-sitter-cli:
        specifier: 0.24.6
        version: 0.24.6

  packages/toml:
    dependencies:
      '@ast-grep/setup-lang':
        specifier: 0.0.3
        version: 0.0.3
    devDependencies:
      '@ast-grep/nursery':
        specifier: workspace:*
        version: link:../../scripts/nursery
      '@tree-sitter-grammars/tree-sitter-toml':
        specifier: 0.7.0
        version: 0.7.0
      tree-sitter-cli:
        specifier: 0.24.6
        version: 0.24.6

  scripts/create-lang:
    dependencies:
      prompts:
        specifier: 2.4.2
        version: 2.4.2
    devDependencies:
      '@types/node':
        specifier: 22.13.4
        version: 22.13.4
      '@types/prompts':
        specifier: ^2.4.9
        version: 2.4.9
      typescript:
        specifier: ^5.7.3
        version: 5.8.2

  scripts/nursery:
    dependencies:
      '@ast-grep/napi':
        specifier: 0.36.2
        version: 0.36.2
    devDependencies:
      '@types/node':
        specifier: 22.13.4
        version: 22.13.4
      typescript:
        specifier: ^5.7.3
        version: 5.8.2

  scripts/setup:
    devDependencies:
      '@types/node':
        specifier: 22.13.4
        version: 22.13.4
      typescript:
        specifier: ^5.7.3
        version: 5.8.2

packages:

  '@ast-grep/napi-darwin-arm64@0.33.0':
    resolution: {integrity: sha512-FsBQiBNGbqeU6z2sjFgnV6MXuBa0wYUb4PViMnqsKLeWiO7kRii5crmXLCtdTD2hufXTG6Rll8X46AkYOAwGGQ==}
    engines: {node: '>= 10'}
    cpu: [arm64]
    os: [darwin]

  '@ast-grep/napi-darwin-arm64@0.36.2':
    resolution: {integrity: sha512-0dzW+5SRuUxAlfwgMiUWXSvvyVD3nffzLtH5RhH2a1VXbQxi2UFWZqtfhv6e27iIUTnPfZDnZGNRw8FZgttMfQ==}
    engines: {node: '>= 10'}
    cpu: [arm64]
    os: [darwin]

  '@ast-grep/napi-darwin-x64@0.33.0':
    resolution: {integrity: sha512-rWo1wG7fc7K20z9ExIeN6U4QqjHhoQSpBDDnmxKTR0nIwPfyMq338sS4sWZomutxprcZDtWrekxH1lXjNvfuiA==}
    engines: {node: '>= 10'}
    cpu: [x64]
    os: [darwin]

  '@ast-grep/napi-darwin-x64@0.36.2':
    resolution: {integrity: sha512-7TPdnq55OBXGcJLDARObI5BUFbp0AVRMGEzjnIBMWbRSowlDVTH7qBWwNAYk4auCdkwG8EBL40BUIHmagzpoCw==}
    engines: {node: '>= 10'}
    cpu: [x64]
    os: [darwin]

  '@ast-grep/napi-linux-arm64-gnu@0.33.0':
    resolution: {integrity: sha512-3ZnA2k57kxfvLg4s9+6rHaCx1FbWt0EF8fumJMf5nwevu7GbVOOhCkzAetZe80FBgZuIOSR4IS2QMj9ZHI0UdQ==}
    engines: {node: '>= 10'}
    cpu: [arm64]
    os: [linux]

  '@ast-grep/napi-linux-arm64-gnu@0.36.2':
    resolution: {integrity: sha512-/h51eEnEYCq4bclzhynH+964LQXDKXgNb2Un+Y9TLOU8VRaGNawTkZkFq+iBp8T1hl0CznnsQQsg+9pHDHprHQ==}
    engines: {node: '>= 10'}
    cpu: [arm64]
    os: [linux]

  '@ast-grep/napi-linux-arm64-musl@0.33.0':
    resolution: {integrity: sha512-oUGZgCaVCijFgvC+X52ttgoWUqgrIsSVJZgn+1VBY3n4mpzcoYAghFomSUbRTBUL2ebvZweA33Klqks4okY61w==}
    engines: {node: '>= 10'}
    cpu: [arm64]
    os: [linux]

  '@ast-grep/napi-linux-arm64-musl@0.36.2':
    resolution: {integrity: sha512-RIuk0VaQW2b5uOPJzuYFQBwMZIEVnp6maXPjnatUHxfniirSI172E7LtOU/FIEpCjU9Fpq23A79S43ImFt1KLA==}
    engines: {node: '>= 10'}
    cpu: [arm64]
    os: [linux]

  '@ast-grep/napi-linux-x64-gnu@0.33.0':
    resolution: {integrity: sha512-QTAkfxQSsOGRza0hnkeAgJDQqR00iDerRNq42dOGIzgF+Kse491By3UmBEMG4oCbv17yYcBBlknQkzKSKtigjw==}
    engines: {node: '>= 10'}
    cpu: [x64]
    os: [linux]

  '@ast-grep/napi-linux-x64-gnu@0.36.2':
    resolution: {integrity: sha512-Xmb50HPfRNi+iLtHp+8/dqiTd8tjArYxOdj1tZzjRndpKhFpQDVrcOnPFObDCRgxVeLovdql9A1ad6BMcEL01Q==}
    engines: {node: '>= 10'}
    cpu: [x64]
    os: [linux]

  '@ast-grep/napi-linux-x64-musl@0.33.0':
    resolution: {integrity: sha512-PW6bZO7MyQsBNZv0idI/Ah6ak66T8LqZ21wBGjtQp9NDGViOtkLeu+eJJGaZjMqUdidKHKgmMKXksZHl2m8ulQ==}
    engines: {node: '>= 10'}
    cpu: [x64]
    os: [linux]

  '@ast-grep/napi-linux-x64-musl@0.36.2':
    resolution: {integrity: sha512-RSnqCsl3OBfJWh2rETtv3o7xd4QnbB2YTh6H6oYfFhhX0tlon/V+bUXI77hU2/W73hj9GHqWZsygsF43NXn/Hw==}
    engines: {node: '>= 10'}
    cpu: [x64]
    os: [linux]

  '@ast-grep/napi-win32-arm64-msvc@0.33.0':
    resolution: {integrity: sha512-ijmFQcFc32JOIQlSfnhDJpb3qFb2RhrRqfeY0EHHN1xRSGwZHfsHTSS66nKR2sREmxTIMgxXOtylKicbyyMVKA==}
    engines: {node: '>= 10'}
    cpu: [arm64]
    os: [win32]

  '@ast-grep/napi-win32-arm64-msvc@0.36.2':
    resolution: {integrity: sha512-/Q85h8F9K2G8qig0lndZWb+ykCfhfpSN27F3i7Aw5C0Ph7S6vFH76xn3l3dJTZb2CwUSsv4JNoqmFmY4B8DExQ==}
    engines: {node: '>= 10'}
    cpu: [arm64]
    os: [win32]

  '@ast-grep/napi-win32-ia32-msvc@0.33.0':
    resolution: {integrity: sha512-NNIb2VK3Z2BwKp0QJSw8gkhwOUp85SgTsxJ38p+wIUAA/KzAKCJOmyOaZ301qGHt4gL+jTHgTIvJJX+9eT/REg==}
    engines: {node: '>= 10'}
    cpu: [ia32]
    os: [win32]

  '@ast-grep/napi-win32-ia32-msvc@0.36.2':
    resolution: {integrity: sha512-bDdwErB7zf9DvRx3kNZyMKJb9by5ra24WAXSiVzI8MR387ibZP9UCTzKuGqPrbuZADYWiOgsg3nXMklyPFtmhQ==}
    engines: {node: '>= 10'}
    cpu: [ia32]
    os: [win32]

  '@ast-grep/napi-win32-x64-msvc@0.33.0':
    resolution: {integrity: sha512-gW7viQQjdPA1HoCkpCqoonC81TOwcpP828w/XqZFE/L6uhD8SF2usul8KNBQOiX3O7/fqYEOnbtWMCrwZIqG1Q==}
    engines: {node: '>= 10'}
    cpu: [x64]
    os: [win32]

  '@ast-grep/napi-win32-x64-msvc@0.36.2':
    resolution: {integrity: sha512-LVZ2DqP9fRfyUceE0BGnlKoPmSx3dYYApSEUdt82Pn7jEVWpFFyTLFmZ9ILiCSaVc6urMJpKWdxAHFqDNNlGfg==}
    engines: {node: '>= 10'}
    cpu: [x64]
    os: [win32]

  '@ast-grep/napi@0.33.0':
    resolution: {integrity: sha512-6heRMmomhSD0dkummRQ+R4xWXXmc41OaDPoPI49mKJXPyvwJPdPZUcQjXdIitOVL4uJV+qM2ZBucDPENDBSixw==}
    engines: {node: '>= 10'}

  '@ast-grep/napi@0.36.2':
    resolution: {integrity: sha512-ByenQQ0BtqqY0pvlmipvkDv/cKl/9vVjBydS7hloXOdmXPoUF0pHdlilC7ZfrRW97EzPQQZT2jgHl2tu7zg9QA==}
    engines: {node: '>= 10'}

  '@ast-grep/nursery@0.0.2':
    resolution: {integrity: sha512-Epb5KpdiXbHEOegPvEGejGI8UFtpK44Uz8lSb03mVbtBMB1VflMJ6/3wZz2CsZ65S0cdq5YQqt1Rm7E+S68oHQ==}

  '@ast-grep/setup-lang@0.0.3':
    resolution: {integrity: sha512-+ZNOuf0r7ABVwOANrrQpUrUv7xyuhsZGyQ88WZCH/euQmIEvSH3JsUFevg/60M7hi8NVh4vfSQs6ajTpumSzxg==}

  '@biomejs/biome@1.9.4':
    resolution: {integrity: sha512-1rkd7G70+o9KkTn5KLmDYXihGoTaIGO9PIIN2ZB7UJxFrWw04CZHPYiMRjYsaDvVV7hP1dYNRLxSANLaBFGpog==}
    engines: {node: '>=14.21.3'}
    hasBin: true

  '@biomejs/cli-darwin-arm64@1.9.4':
    resolution: {integrity: sha512-bFBsPWrNvkdKrNCYeAp+xo2HecOGPAy9WyNyB/jKnnedgzl4W4Hb9ZMzYNbf8dMCGmUdSavlYHiR01QaYR58cw==}
    engines: {node: '>=14.21.3'}
    cpu: [arm64]
    os: [darwin]

  '@biomejs/cli-darwin-x64@1.9.4':
    resolution: {integrity: sha512-ngYBh/+bEedqkSevPVhLP4QfVPCpb+4BBe2p7Xs32dBgs7rh9nY2AIYUL6BgLw1JVXV8GlpKmb/hNiuIxfPfZg==}
    engines: {node: '>=14.21.3'}
    cpu: [x64]
    os: [darwin]

  '@biomejs/cli-linux-arm64-musl@1.9.4':
    resolution: {integrity: sha512-v665Ct9WCRjGa8+kTr0CzApU0+XXtRgwmzIf1SeKSGAv+2scAlW6JR5PMFo6FzqqZ64Po79cKODKf3/AAmECqA==}
    engines: {node: '>=14.21.3'}
    cpu: [arm64]
    os: [linux]

  '@biomejs/cli-linux-arm64@1.9.4':
    resolution: {integrity: sha512-fJIW0+LYujdjUgJJuwesP4EjIBl/N/TcOX3IvIHJQNsAqvV2CHIogsmA94BPG6jZATS4Hi+xv4SkBBQSt1N4/g==}
    engines: {node: '>=14.21.3'}
    cpu: [arm64]
    os: [linux]

  '@biomejs/cli-linux-x64-musl@1.9.4':
    resolution: {integrity: sha512-gEhi/jSBhZ2m6wjV530Yy8+fNqG8PAinM3oV7CyO+6c3CEh16Eizm21uHVsyVBEB6RIM8JHIl6AGYCv6Q6Q9Tg==}
    engines: {node: '>=14.21.3'}
    cpu: [x64]
    os: [linux]

  '@biomejs/cli-linux-x64@1.9.4':
    resolution: {integrity: sha512-lRCJv/Vi3Vlwmbd6K+oQ0KhLHMAysN8lXoCI7XeHlxaajk06u7G+UsFSO01NAs5iYuWKmVZjmiOzJ0OJmGsMwg==}
    engines: {node: '>=14.21.3'}
    cpu: [x64]
    os: [linux]

  '@biomejs/cli-win32-arm64@1.9.4':
    resolution: {integrity: sha512-tlbhLk+WXZmgwoIKwHIHEBZUwxml7bRJgk0X2sPyNR3S93cdRq6XulAZRQJ17FYGGzWne0fgrXBKpl7l4M87Hg==}
    engines: {node: '>=14.21.3'}
    cpu: [arm64]
    os: [win32]

  '@biomejs/cli-win32-x64@1.9.4':
    resolution: {integrity: sha512-8Y5wMhVIPaWe6jw2H+KlEm4wP/f7EW3810ZLmDlrEEy5KvBsb9ECEfu/kMWD484ijfQ8+nIi0giMgu9g1UAuuA==}
    engines: {node: '>=14.21.3'}
    cpu: [x64]
    os: [win32]

  '@derekstride/tree-sitter-sql@0.3.7':
    resolution: {integrity: sha512-xLMa56M59NB6bavkmAPfeidZmgu068y3yEacoAtzwaSgZJnW7wPSyUQnjwMGmCsmKdqhRlSww+eDOCYIhFJcFg==}
    peerDependencies:
      tree-sitter: ^0.21.0
      tree_sitter: '*'
    peerDependenciesMeta:
      tree_sitter:
        optional: true

  '@tree-sitter-grammars/tree-sitter-toml@0.7.0':
    resolution: {integrity: sha512-873Kl518Qm5ghbWadISY41rwFjee0v+2bU4twwvAw2VAJcWwj2vBo3F3hOCXfbqHaFiqc4qh6eLhkMl2YZJS0g==}
    peerDependencies:
      tree-sitter: ^0.22.1
    peerDependenciesMeta:
      tree-sitter:
        optional: true

  '@types/node@22.13.4':
    resolution: {integrity: sha512-ywP2X0DYtX3y08eFVx5fNIw7/uIv8hYUKgXoK8oayJlLnKcRfEYCxWMVE1XagUdVtCJlZT1AU4LXEABW+L1Peg==}

  '@types/prompts@2.4.9':
    resolution: {integrity: sha512-qTxFi6Buiu8+50/+3DGIWLHM6QuWsEKugJnnP6iv2Mc4ncxE4A/OJkjuVOA+5X0X1S/nq5VJRa8Lu+nwcvbrKA==}

  husky@9.1.7:
    resolution: {integrity: sha512-5gs5ytaNjBrh5Ow3zrvdUUY+0VxIuWVL4i9irt6friV+BqdCfmV11CQTWMiBYWHbXhco+J1kHfTOUkePhCDvMA==}
    engines: {node: '>=18'}
    hasBin: true

  kleur@3.0.3:
    resolution: {integrity: sha512-eTIzlVOSUR+JxdDFepEYcBMtZ9Qqdef+rnzWdRZuMbOywu5tO2w2N7rqjoANZ5k9vywhL6Br1VRjUIgTQx4E8w==}
    engines: {node: '>=6'}

  node-addon-api@7.1.1:
    resolution: {integrity: sha512-5m3bsyrjFWE1xf7nz7YXdN4udnVtXK6/Yfgn5qnahL6bCkf2yKt4k3nuTKAtT4r3IG8JNR2ncsIMdZuAzJjHQQ==}

  node-addon-api@8.3.0:
    resolution: {integrity: sha512-8VOpLHFrOQlAH+qA0ZzuGRlALRA6/LVh8QJldbrC4DY0hXoMP0l4Acq8TzFC018HztWiRqyCEj2aTWY2UvnJUg==}
    engines: {node: ^18 || ^20 || >= 21}

  node-addon-api@8.3.1:
    resolution: {integrity: sha512-lytcDEdxKjGJPTLEfW4mYMigRezMlyJY8W4wxJK8zE533Jlb8L8dRuObJFWg2P+AuOIxoCgKF+2Oq4d4Zd0OUA==}
    engines: {node: ^18 || ^20 || >= 21}

  node-gyp-build@4.8.4:
    resolution: {integrity: sha512-LA4ZjwlnUblHVgq0oBF3Jl/6h/Nvs5fzBLwdEF4nuxnFdsfajde4WfxtJr3CaiH+F6ewcIB/q4jQ4UzPyid+CQ==}
    hasBin: true

  prompts@2.4.2:
    resolution: {integrity: sha512-NxNv/kLguCA7p3jE8oL2aEBsrJWgAakBpgmgK6lpPWV+WuOmY6r2/zbAVnP+T8bQlA0nzHXSJSJW0Hq7ylaD2Q==}
    engines: {node: '>= 6'}

  sisteransi@1.0.5:
    resolution: {integrity: sha512-bLGGlR1QxBcynn2d5YmDX4MGjlZvy2MRBDRNHLJ8VI6l6+9FUiyTFNJ0IveOSP0bcXgVDPRcfGqA0pjaqUpfVg==}

  tree-sitter-angular@0.5.0:
    resolution: {integrity: sha512-A53mjmfW8zEwijC52oVerYDddhrwHYxfVEo3YCHK3573B+kGoliyG1E3Nd9SMweOuc8AqBcTgbVrANfRjoWkhw==}
    peerDependencies:
      tree-sitter: ^0.21.1
      tree_sitter: '*'
    peerDependenciesMeta:
      tree_sitter:
        optional: true

  tree-sitter-c-sharp@0.23.1:
    resolution: {integrity: sha512-9zZ4FlcTRWWfRf6f4PgGhG8saPls6qOOt75tDfX7un9vQZJmARjPrAC6yBNCX2T/VKcCjIDbgq0evFaB3iGhQw==}
    peerDependencies:
      tree-sitter: ^0.21.1
    peerDependenciesMeta:
      tree-sitter:
        optional: true

  tree-sitter-c@0.23.5:
    resolution: {integrity: sha512-riDWhqVIt8J14R7G0YMKlUy8E7eYR0Vp6DSGL90nX5CTAXkORCyp4WaOgNtfo8dEsHyZF5e/4E9Z9kWj+qLnTQ==}
    peerDependencies:
      tree-sitter: ^0.22.1
    peerDependenciesMeta:
      tree-sitter:
        optional: true

  tree-sitter-cli@0.24.6:
    resolution: {integrity: sha512-FJ9B1XwXt8Auq75NK/6bpeci7avXSk73OMDq4elXHPS4ue11ZFeCrH/anVN/u5BAZjWqFO9nWGLNEdpdZOg+eA==}
    engines: {node: '>=12.0.0'}
    hasBin: true

  tree-sitter-cpp@0.23.4:
    resolution: {integrity: sha512-qR5qUDyhZ5jJ6V8/umiBxokRbe89bCGmcq/dk94wI4kN86qfdV8k0GHIUEKaqWgcu42wKal5E97LKpLeVW8sKw==}
    peerDependencies:
      tree-sitter: ^0.21.1
    peerDependenciesMeta:
      tree-sitter:
        optional: true

  tree-sitter-go@0.23.4:
    resolution: {integrity: sha512-iQaHEs4yMa/hMo/ZCGqLfG61F0miinULU1fFh+GZreCRtKylFLtvn798ocCZjO2r/ungNZgAY1s1hPFyAwkc7w==}
    peerDependencies:
      tree-sitter: ^0.21.1
    peerDependenciesMeta:
      tree-sitter:
        optional: true

  tree-sitter-html@0.20.4:
    resolution: {integrity: sha512-IUE82HgrxGXMiq5xYkAV6VYt+txcqIo4yPUEvq43UIabCKeEUqDOEOmCE9W9mQ2c3392VJEXOPzlpd7VuX1c6Q==}
    peerDependencies:
      tree-sitter: ^0.21.1
      tree_sitter: '*'
    peerDependenciesMeta:
      tree_sitter:
        optional: true

  tree-sitter-python@0.23.6:
    resolution: {integrity: sha512-yIM9z0oxKIxT7bAtPOhgoVl6gTXlmlIhue7liFT4oBPF/lha7Ha4dQBS82Av6hMMRZoVnFJI8M6mL+SwWoLD3A==}
    peerDependencies:
      tree-sitter: ^0.22.1
    peerDependenciesMeta:
      tree-sitter:
        optional: true

  tree-sitter@0.21.1:
    resolution: {integrity: sha512-7dxoA6kYvtgWw80265MyqJlkRl4yawIjO7S5MigytjELkX43fV2WsAXzsNfO7sBpPPCF5Gp0+XzHk0DwLCq3xQ==}

  typescript@5.8.2:
    resolution: {integrity: sha512-aJn6wq13/afZp/jT9QZmwEjDqqvSGp1VT5GVg+f/t6/oVyrgXM6BY1h9BRh/O5p3PlUPAe+WuiEZOmb/49RqoQ==}
    engines: {node: '>=14.17'}
    hasBin: true

  undici-types@6.20.0:
    resolution: {integrity: sha512-Ny6QZ2Nju20vw1SRHe3d9jVu6gJ+4e3+MMpqu7pqE5HT6WsTSlce++GQmK5UXS8mzV8DSYHrQH+Xrf2jVcuKNg==}

snapshots:

  '@ast-grep/napi-darwin-arm64@0.33.0':
    optional: true

  '@ast-grep/napi-darwin-arm64@0.36.2':
    optional: true

  '@ast-grep/napi-darwin-x64@0.33.0':
    optional: true

  '@ast-grep/napi-darwin-x64@0.36.2':
    optional: true

  '@ast-grep/napi-linux-arm64-gnu@0.33.0':
    optional: true

  '@ast-grep/napi-linux-arm64-gnu@0.36.2':
    optional: true

  '@ast-grep/napi-linux-arm64-musl@0.33.0':
    optional: true

  '@ast-grep/napi-linux-arm64-musl@0.36.2':
    optional: true

  '@ast-grep/napi-linux-x64-gnu@0.33.0':
    optional: true

  '@ast-grep/napi-linux-x64-gnu@0.36.2':
    optional: true

  '@ast-grep/napi-linux-x64-musl@0.33.0':
    optional: true

  '@ast-grep/napi-linux-x64-musl@0.36.2':
    optional: true

  '@ast-grep/napi-win32-arm64-msvc@0.33.0':
    optional: true

  '@ast-grep/napi-win32-arm64-msvc@0.36.2':
    optional: true

  '@ast-grep/napi-win32-ia32-msvc@0.33.0':
    optional: true

  '@ast-grep/napi-win32-ia32-msvc@0.36.2':
    optional: true

  '@ast-grep/napi-win32-x64-msvc@0.33.0':
    optional: true

  '@ast-grep/napi-win32-x64-msvc@0.36.2':
    optional: true

  '@ast-grep/napi@0.33.0':
    optionalDependencies:
      '@ast-grep/napi-darwin-arm64': 0.33.0
      '@ast-grep/napi-darwin-x64': 0.33.0
      '@ast-grep/napi-linux-arm64-gnu': 0.33.0
      '@ast-grep/napi-linux-arm64-musl': 0.33.0
      '@ast-grep/napi-linux-x64-gnu': 0.33.0
      '@ast-grep/napi-linux-x64-musl': 0.33.0
      '@ast-grep/napi-win32-arm64-msvc': 0.33.0
      '@ast-grep/napi-win32-ia32-msvc': 0.33.0
      '@ast-grep/napi-win32-x64-msvc': 0.33.0

  '@ast-grep/napi@0.36.2':
    optionalDependencies:
      '@ast-grep/napi-darwin-arm64': 0.36.2
      '@ast-grep/napi-darwin-x64': 0.36.2
      '@ast-grep/napi-linux-arm64-gnu': 0.36.2
      '@ast-grep/napi-linux-arm64-musl': 0.36.2
      '@ast-grep/napi-linux-x64-gnu': 0.36.2
      '@ast-grep/napi-linux-x64-musl': 0.36.2
      '@ast-grep/napi-win32-arm64-msvc': 0.36.2
      '@ast-grep/napi-win32-ia32-msvc': 0.36.2
      '@ast-grep/napi-win32-x64-msvc': 0.36.2

  '@ast-grep/nursery@0.0.2':
    dependencies:
      '@ast-grep/napi': 0.33.0

  '@ast-grep/setup-lang@0.0.3': {}

  '@biomejs/biome@1.9.4':
    optionalDependencies:
      '@biomejs/cli-darwin-arm64': 1.9.4
      '@biomejs/cli-darwin-x64': 1.9.4
      '@biomejs/cli-linux-arm64': 1.9.4
      '@biomejs/cli-linux-arm64-musl': 1.9.4
      '@biomejs/cli-linux-x64': 1.9.4
      '@biomejs/cli-linux-x64-musl': 1.9.4
      '@biomejs/cli-win32-arm64': 1.9.4
      '@biomejs/cli-win32-x64': 1.9.4

  '@biomejs/cli-darwin-arm64@1.9.4':
    optional: true

  '@biomejs/cli-darwin-x64@1.9.4':
    optional: true

  '@biomejs/cli-linux-arm64-musl@1.9.4':
    optional: true

  '@biomejs/cli-linux-arm64@1.9.4':
    optional: true

  '@biomejs/cli-linux-x64-musl@1.9.4':
    optional: true

  '@biomejs/cli-linux-x64@1.9.4':
    optional: true

  '@biomejs/cli-win32-arm64@1.9.4':
    optional: true

  '@biomejs/cli-win32-x64@1.9.4':
    optional: true

  '@derekstride/tree-sitter-sql@0.3.7(tree-sitter@0.21.1)':
    dependencies:
      node-addon-api: 7.1.1
      node-gyp-build: 4.8.4
      tree-sitter: 0.21.1

  '@tree-sitter-grammars/tree-sitter-toml@0.7.0':
    dependencies:
      node-addon-api: 8.3.0
      node-gyp-build: 4.8.4

  '@types/node@22.13.4':
    dependencies:
      undici-types: 6.20.0

  '@types/prompts@2.4.9':
    dependencies:
      '@types/node': 22.13.4
      kleur: 3.0.3

  husky@9.1.7: {}

  kleur@3.0.3: {}

  node-addon-api@7.1.1: {}

  node-addon-api@8.3.0: {}

  node-addon-api@8.3.1: {}

  node-gyp-build@4.8.4: {}

  prompts@2.4.2:
    dependencies:
      kleur: 3.0.3
      sisteransi: 1.0.5

  sisteransi@1.0.5: {}

  tree-sitter-angular@0.5.0(tree-sitter@0.21.1):
    dependencies:
      node-addon-api: 8.3.0
      node-gyp-build: 4.8.4
      tree-sitter: 0.21.1
      tree-sitter-html: 0.20.4(tree-sitter@0.21.1)

  tree-sitter-c-sharp@0.23.1(tree-sitter@0.21.1):
    dependencies:
      node-addon-api: 8.3.0
      node-gyp-build: 4.8.4
    optionalDependencies:
      tree-sitter: 0.21.1

  tree-sitter-c@0.23.5:
    dependencies:
      node-addon-api: 8.3.0
      node-gyp-build: 4.8.4

  tree-sitter-cli@0.24.6: {}

  tree-sitter-cpp@0.23.4:
    dependencies:
      node-addon-api: 8.3.0
      node-gyp-build: 4.8.4
      tree-sitter-c: 0.23.5

  tree-sitter-go@0.23.4(tree-sitter@0.21.1):
    dependencies:
      node-addon-api: 8.3.1
      node-gyp-build: 4.8.4
    optionalDependencies:
      tree-sitter: 0.21.1

  tree-sitter-html@0.20.4(tree-sitter@0.21.1):
    dependencies:
      node-addon-api: 8.3.0
      node-gyp-build: 4.8.4
      tree-sitter: 0.21.1

  tree-sitter-python@0.23.6:
    dependencies:
      node-addon-api: 8.3.0
      node-gyp-build: 4.8.4

  tree-sitter@0.21.1:
    dependencies:
      node-addon-api: 8.3.1
      node-gyp-build: 4.8.4

  typescript@5.8.2: {}

  undici-types@6.20.0: {}
